
Microsoft Visual Studio Solution File, Format Version 12.00
# Visual Studio 15
VisualStudioVersion = 15.0.26403.7
MinimumVisualStudioVersion = 10.0.40219.1
Project("{9A19103F-16F7-4668-BE54-9A1E7A4F7556}") = "HomeHUD", "HomeHUD.csproj", "{D62BFB67-7A4C-4C93-BA3D-82263007AD7B}"
EndProject
Project("{FAE04EC0-301F-11D3-BF4B-00C04F79EFBC}") = "HomeHUD.Models", "..\HomeHUD.Models\HomeHUD.Models.csproj", "{D3262BC1-C605-4E25-8C83-A335706468DF}"
EndProject
Global
	GlobalSection(SolutionConfigurationPlatforms) = preSolution
		Debug|Any CPU = Debug|Any CPU
		Release|Any CPU = Release|Any CPU
	EndGlobalSection
	GlobalSection(ProjectConfigurationPlatforms) = postSolution
		{D62BFB67-7A4C-4C93-BA3D-82263007AD7B}.Debug|Any CPU.ActiveCfg = Debug|Any CPU
		{D62BFB67-7A4C-4C93-BA3D-82263007AD7B}.Debug|Any CPU.Build.0 = Debug|Any CPU
		{D62BFB67-7A4C-4C93-BA3D-82263007AD7B}.Release|Any CPU.ActiveCfg = Release|Any CPU
		{D62BFB67-7A4C-4C93-BA3D-82263007AD7B}.Release|Any CPU.Build.0 = Release|Any CPU
		{D3262BC1-C605-4E25-8C83-A335706468DF}.Debug|Any CPU.ActiveCfg = Debug|Any CPU
		{D3262BC1-C605-4E25-8C83-A335706468DF}.Debug|Any CPU.Build.0 = Debug|Any CPU
		{D3262BC1-C605-4E25-8C83-A335706468DF}.Release|Any CPU.ActiveCfg = Release|Any CPU
		{D3262BC1-C605-4E25-8C83-A335706468DF}.Release|Any CPU.Build.0 = Release|Any CPU
	EndGlobalSection
	GlobalSection(SolutionProperties) = preSolution
		HideSolutionNode = FALSE
	EndGlobalSection
EndGlobal
